# THIS IS AN AUTOGENERATED FILE. DO NOT EDIT THIS FILE DIRECTLY.
# yarn lockfile v1


"@types/mpv-script@^0.32.2":
  version "0.32.2"
  resolved "https://registry.yarnpkg.com/@types/mpv-script/-/mpv-script-0.32.2.tgz#caac34ff3ad87de93404ffabf493c7231136e8eb"
  integrity sha512-+XXw4c5AvJ5Tdo1VXxMrpRw8AhUTEhS8MNBWLxnxhsjY2Pq8hN7eqjjr6Nzlw3G0GDIy43a1tfcBVdZwDLi8Eg==

typescript@^4.8.4:
  version "4.8.4"
  resolved "https://registry.yarnpkg.com/typescript/-/typescript-4.8.4.tgz#c464abca159669597be5f96b8943500b238e60e6"
  integrity sha512-QCh+85mCy+h0IGff8r5XWzOVSbBO+KfeYrMQh7NJ58QujwcE22u+NUSmUxqF+un70P9GXKxa2HCNiTTMJknyjQ==
